
Microsoft Visual Studio Solution File, Format Version 12.00
# Visual Studio Version 17
VisualStudioVersion = 17.5.002.0
MinimumVisualStudioVersion = 10.0.40219.1
Project("{9A19103F-16F7-4668-BE54-9A1E7A4F7556}") = "Aula02", "Aula02.csproj", "{DDF6D013-1C77-4387-93B4-4902240A7779}"
EndProject
Global
	GlobalSection(SolutionConfigurationPlatforms) = preSolution
		Debug|Any CPU = Debug|Any CPU
		Release|Any CPU = Release|Any CPU
	EndGlobalSection
	GlobalSection(ProjectConfigurationPlatforms) = postSolution
		{DDF6D013-1C77-4387-93B4-4902240A7779}.Debug|Any CPU.ActiveCfg = Debug|Any CPU
		{DDF6D013-1C77-4387-93B4-4902240A7779}.Debug|Any CPU.Build.0 = Debug|Any CPU
		{DDF6D013-1C77-4387-93B4-4902240A7779}.Release|Any CPU.ActiveCfg = Release|Any CPU
		{DDF6D013-1C77-4387-93B4-4902240A7779}.Release|Any CPU.Build.0 = Release|Any CPU
	EndGlobalSection
	GlobalSection(SolutionProperties) = preSolution
		HideSolutionNode = FALSE
	EndGlobalSection
	GlobalSection(ExtensibilityGlobals) = postSolution
		SolutionGuid = {4FF2EDC9-AB8D-4DCD-A69F-D511EA271C40}
	EndGlobalSection
EndGlobal
